// !$*UTF8*$!
{
	archiveVersion = 1;
	classes = {
	};
	objectVersion = 46;
	objects = {

/* Begin PBXBuildFile section */
		27EF4C31178DBA8F009B9380 /* AssemblerProject.1 in CopyFiles */ = {isa = PBXBuildFile; fileRef = 27EF4C30178DBA8F009B9380 /* AssemblerProject.1 */; };
		27EF4C46178DBAEF009B9380 /* assembler.c in Sources */ = {isa = PBXBuildFile; fileRef = 27EF4C37178DBAEF009B9380 /* assembler.c */; };
		27EF4C47178DBAEF009B9380 /* utility.c in Sources */ = {isa = PBXBuildFile; fileRef = 27EF4C42178DBAEF009B9380 /* utility.c */; };
		27EF4C48178DBAEF009B9380 /* vector.c in Sources */ = {isa = PBXBuildFile; fileRef = 27EF4C44178DBAEF009B9380 /* vector.c */; };
		27EF4C4A178DBB07009B9380 /* main.c in Sources */ = {isa = PBXBuildFile; fileRef = 27EF4C49178DBB07009B9380 /* main.c */; };
/* End PBXBuildFile section */

/* Begin PBXCopyFilesBuildPhase section */
		27EF4C29178DBA8F009B9380 /* CopyFiles */ = {
			isa = PBXCopyFilesBuildPhase;
			buildActionMask = 2147483647;
			dstPath = /usr/share/man/man1/;
			dstSubfolderSpec = 0;
			files = (
				27EF4C31178DBA8F009B9380 /* AssemblerProject.1 in CopyFiles */,
			);
			runOnlyForDeploymentPostprocessing = 1;
		};
/* End PBXCopyFilesBuildPhase section */

/* Begin PBXFileReference section */
		27EF4C2B178DBA8F009B9380 /* AssemblerProject */ = {isa = PBXFileReference; explicitFileType = "compiled.mach-o.executable"; includeInIndex = 0; path = AssemblerProject; sourceTree = BUILT_PRODUCTS_DIR; };
		27EF4C30178DBA8F009B9380 /* AssemblerProject.1 */ = {isa = PBXFileReference; lastKnownFileType = text.man; path = AssemblerProject.1; sourceTree = "<group>"; };
		27EF4C37178DBAEF009B9380 /* assembler.c */ = {isa = PBXFileReference; fileEncoding = 4; lastKnownFileType = sourcecode.c.c; path = assembler.c; sourceTree = "<group>"; };
		27EF4C38178DBAEF009B9380 /* assembler.h */ = {isa = PBXFileReference; fileEncoding = 4; lastKnownFileType = sourcecode.c.h; path = assembler.h; sourceTree = "<group>"; };
		27EF4C3A178DBAEF009B9380 /* all_input.txt */ = {isa = PBXFileReference; fileEncoding = 4; lastKnownFileType = text; name = all_input.txt; path = tests/all_input.txt; sourceTree = "<group>"; };
		27EF4C3B178DBAEF009B9380 /* all_output.txt */ = {isa = PBXFileReference; fileEncoding = 4; lastKnownFileType = text; name = all_output.txt; path = tests/all_output.txt; sourceTree = "<group>"; };
		27EF4C3C178DBAEF009B9380 /* itype_branches_input.txt */ = {isa = PBXFileReference; fileEncoding = 4; lastKnownFileType = text; path = itype_branches_input.txt; sourceTree = "<group>"; };
		27EF4C3D178DBAEF009B9380 /* itype_branches_output.txt */ = {isa = PBXFileReference; fileEncoding = 4; lastKnownFileType = text; path = itype_branches_output.txt; sourceTree = "<group>"; };
		27EF4C3E178DBAEF009B9380 /* itype_input.txt */ = {isa = PBXFileReference; fileEncoding = 4; lastKnownFileType = text; path = itype_input.txt; sourceTree = "<group>"; };
		27EF4C3F178DBAEF009B9380 /* itype_output.txt */ = {isa = PBXFileReference; fileEncoding = 4; lastKnownFileType = text; path = itype_output.txt; sourceTree = "<group>"; };
		27EF4C40178DBAEF009B9380 /* rtype_input.txt */ = {isa = PBXFileReference; fileEncoding = 4; lastKnownFileType = text; path = rtype_input.txt; sourceTree = "<group>"; };
		27EF4C41178DBAEF009B9380 /* rtype_output.txt */ = {isa = PBXFileReference; fileEncoding = 4; lastKnownFileType = text; path = rtype_output.txt; sourceTree = "<group>"; };
		27EF4C42178DBAEF009B9380 /* utility.c */ = {isa = PBXFileReference; fileEncoding = 4; lastKnownFileType = sourcecode.c.c; path = utility.c; sourceTree = "<group>"; };
		27EF4C43178DBAEF009B9380 /* utility.h */ = {isa = PBXFileReference; fileEncoding = 4; lastKnownFileType = sourcecode.c.h; path = utility.h; sourceTree = "<group>"; };
		27EF4C44178DBAEF009B9380 /* vector.c */ = {isa = PBXFileReference; fileEncoding = 4; lastKnownFileType = sourcecode.c.c; path = vector.c; sourceTree = "<group>"; };
		27EF4C45178DBAEF009B9380 /* vector.h */ = {isa = PBXFileReference; fileEncoding = 4; lastKnownFileType = sourcecode.c.h; path = vector.h; sourceTree = "<group>"; };
		27EF4C49178DBB07009B9380 /* main.c */ = {isa = PBXFileReference; fileEncoding = 4; lastKnownFileType = sourcecode.c.c; path = main.c; sourceTree = "<group>"; };
/* End PBXFileReference section */

/* Begin PBXFrameworksBuildPhase section */
		27EF4C28178DBA8F009B9380 /* Frameworks */ = {
			isa = PBXFrameworksBuildPhase;
			buildActionMask = 2147483647;
			files = (
			);
			runOnlyForDeploymentPostprocessing = 0;
		};
/* End PBXFrameworksBuildPhase section */

/* Begin PBXGroup section */
		27EF4C22178DBA8F009B9380 = {
			isa = PBXGroup;
			children = (
				27EF4C2D178DBA8F009B9380 /* AssemblerProject */,
				27EF4C2C178DBA8F009B9380 /* Products */,
			);
			sourceTree = "<group>";
		};
		27EF4C2C178DBA8F009B9380 /* Products */ = {
			isa = PBXGroup;
			children = (
				27EF4C2B178DBA8F009B9380 /* AssemblerProject */,
			);
			name = Products;
			sourceTree = "<group>";
		};
		27EF4C2D178DBA8F009B9380 /* AssemblerProject */ = {
			isa = PBXGroup;
			children = (
				27EF4C3A178DBAEF009B9380 /* all_input.txt */,
				27EF4C3B178DBAEF009B9380 /* all_output.txt */,
				27EF4C49178DBB07009B9380 /* main.c */,
				27EF4C37178DBAEF009B9380 /* assembler.c */,
				27EF4C38178DBAEF009B9380 /* assembler.h */,
				27EF4C39178DBAEF009B9380 /* tests */,
				27EF4C42178DBAEF009B9380 /* utility.c */,
				27EF4C43178DBAEF009B9380 /* utility.h */,
				27EF4C44178DBAEF009B9380 /* vector.c */,
				27EF4C45178DBAEF009B9380 /* vector.h */,
				27EF4C30178DBA8F009B9380 /* AssemblerProject.1 */,
			);
			path = AssemblerProject;
			sourceTree = "<group>";
		};
		27EF4C39178DBAEF009B9380 /* tests */ = {
			isa = PBXGroup;
			children = (
				27EF4C3C178DBAEF009B9380 /* itype_branches_input.txt */,
				27EF4C3D178DBAEF009B9380 /* itype_branches_output.txt */,
				27EF4C3E178DBAEF009B9380 /* itype_input.txt */,
				27EF4C3F178DBAEF009B9380 /* itype_output.txt */,
				27EF4C40178DBAEF009B9380 /* rtype_input.txt */,
				27EF4C41178DBAEF009B9380 /* rtype_output.txt */,
			);
			path = tests;
			sourceTree = "<group>";
		};
/* End PBXGroup section */

/* Begin PBXNativeTarget section */
		27EF4C2A178DBA8F009B9380 /* AssemblerProject */ = {
			isa = PBXNativeTarget;
			buildConfigurationList = 27EF4C34178DBA8F009B9380 /* Build configuration list for PBXNativeTarget "AssemblerProject" */;
			buildPhases = (
				27EF4C27178DBA8F009B9380 /* Sources */,
				27EF4C28178DBA8F009B9380 /* Frameworks */,
				27EF4C29178DBA8F009B9380 /* CopyFiles */,
			);
			buildRules = (
			);
			dependencies = (
			);
			name = AssemblerProject;
			productName = AssemblerProject;
			productReference = 27EF4C2B178DBA8F009B9380 /* AssemblerProject */;
			productType = "com.apple.product-type.tool";
		};
/* End PBXNativeTarget section */

/* Begin PBXProject section */
		27EF4C23178DBA8F009B9380 /* Project object */ = {
			isa = PBXProject;
			attributes = {
				LastUpgradeCheck = 0460;
				ORGANIZATIONNAME = "Kyle Kirkland";
			};
			buildConfigurationList = 27EF4C26178DBA8F009B9380 /* Build configuration list for PBXProject "AssemblerProject" */;
			compatibilityVersion = "Xcode 3.2";
			developmentRegion = English;
			hasScannedForEncodings = 0;
			knownRegions = (
				en,
			);
			mainGroup = 27EF4C22178DBA8F009B9380;
			productRefGroup = 27EF4C2C178DBA8F009B9380 /* Products */;
			projectDirPath = "";
			projectRoot = "";
			targets = (
				27EF4C2A178DBA8F009B9380 /* AssemblerProject */,
			);
		};
/* End PBXProject section */

/* Begin PBXSourcesBuildPhase section */
		27EF4C27178DBA8F009B9380 /* Sources */ = {
			isa = PBXSourcesBuildPhase;
			buildActionMask = 2147483647;
			files = (
				27EF4C46178DBAEF009B9380 /* assembler.c in Sources */,
				27EF4C47178DBAEF009B9380 /* utility.c in Sources */,
				27EF4C48178DBAEF009B9380 /* vector.c in Sources */,
				27EF4C4A178DBB07009B9380 /* main.c in Sources */,
			);
			runOnlyForDeploymentPostprocessing = 0;
		};
/* End PBXSourcesBuildPhase section */

/* Begin XCBuildConfiguration section */
		27EF4C32178DBA8F009B9380 /* Debug */ = {
			isa = XCBuildConfiguration;
			buildSettings = {
				ALWAYS_SEARCH_USER_PATHS = NO;
				ARCHS = "$(ARCHS_STANDARD_64_BIT)";
				CLANG_CXX_LANGUAGE_STANDARD = "gnu++0x";
				CLANG_CXX_LIBRARY = "libc++";
				CLANG_WARN_CONSTANT_CONVERSION = YES;
				CLANG_WARN_EMPTY_BODY = YES;
				CLANG_WARN_ENUM_CONVERSION = YES;
				CLANG_WARN_INT_CONVERSION = YES;
				CLANG_WARN__DUPLICATE_METHOD_MATCH = YES;
				COPY_PHASE_STRIP = NO;
				GCC_C_LANGUAGE_STANDARD = gnu99;
				GCC_DYNAMIC_NO_PIC = NO;
				GCC_ENABLE_OBJC_EXCEPTIONS = YES;
				GCC_OPTIMIZATION_LEVEL = 0;
				GCC_PREPROCESSOR_DEFINITIONS = (
					"DEBUG=1",
					"$(inherited)",
				);
				GCC_SYMBOLS_PRIVATE_EXTERN = NO;
				GCC_WARN_64_TO_32_BIT_CONVERSION = YES;
				GCC_WARN_ABOUT_RETURN_TYPE = YES;
				GCC_WARN_UNINITIALIZED_AUTOS = YES;
				GCC_WARN_UNUSED_VARIABLE = YES;
				MACOSX_DEPLOYMENT_TARGET = 10.8;
				ONLY_ACTIVE_ARCH = YES;
				SDKROOT = macosx;
			};
			name = Debug;
		};
		27EF4C33178DBA8F009B9380 /* Release */ = {
			isa = XCBuildConfiguration;
			buildSettings = {
				ALWAYS_SEARCH_USER_PATHS = NO;
				ARCHS = "$(ARCHS_STANDARD_64_BIT)";
				CLANG_CXX_LANGUAGE_STANDARD = "gnu++0x";
				CLANG_CXX_LIBRARY = "libc++";
				CLANG_WARN_CONSTANT_CONVERSION = YES;
				CLANG_WARN_EMPTY_BODY = YES;
				CLANG_WARN_ENUM_CONVERSION = YES;
				CLANG_WARN_INT_CONVERSION = YES;
				CLANG_WARN__DUPLICATE_METHOD_MATCH = YES;
				COPY_PHASE_STRIP = YES;
				DEBUG_INFORMATION_FORMAT = "dwarf-with-dsym";
				GCC_C_LANGUAGE_STANDARD = gnu99;
				GCC_ENABLE_OBJC_EXCEPTIONS = YES;
				GCC_WARN_64_TO_32_BIT_CONVERSION = YES;
				GCC_WARN_ABOUT_RETURN_TYPE = YES;
				GCC_WARN_UNINITIALIZED_AUTOS = YES;
				GCC_WARN_UNUSED_VARIABLE = YES;
				MACOSX_DEPLOYMENT_TARGET = 10.8;
				SDKROOT = macosx;
			};
			name = Release;
		};
		27EF4C35178DBA8F009B9380 /* Debug */ = {
			isa = XCBuildConfiguration;
			buildSettings = {
				PRODUCT_NAME = "$(TARGET_NAME)";
			};
			name = Debug;
		};
		27EF4C36178DBA8F009B9380 /* Release */ = {
			isa = XCBuildConfiguration;
			buildSettings = {
				PRODUCT_NAME = "$(TARGET_NAME)";
			};
			name = Release;
		};
/* End XCBuildConfiguration section */

/* Begin XCConfigurationList section */
		27EF4C26178DBA8F009B9380 /* Build configuration list for PBXProject "AssemblerProject" */ = {
			isa = XCConfigurationList;
			buildConfigurations = (
				27EF4C32178DBA8F009B9380 /* Debug */,
				27EF4C33178DBA8F009B9380 /* Release */,
			);
			defaultConfigurationIsVisible = 0;
			defaultConfigurationName = Release;
		};
		27EF4C34178DBA8F009B9380 /* Build configuration list for PBXNativeTarget "AssemblerProject" */ = {
			isa = XCConfigurationList;
			buildConfigurations = (
				27EF4C35178DBA8F009B9380 /* Debug */,
				27EF4C36178DBA8F009B9380 /* Release */,
			);
			defaultConfigurationIsVisible = 0;
			defaultConfigurationName = Release;
		};
/* End XCConfigurationList section */
	};
	rootObject = 27EF4C23178DBA8F009B9380 /* Project object */;
}
